
Microsoft Visual Studio Solution File, Format Version 12.00
# Visual Studio Version 17
VisualStudioVersion = 17.2.32526.322
MinimumVisualStudioVersion = 10.0.40219.1
Project("{FAE04EC0-301F-11D3-BF4B-00C04F79EFBC}") = "CascadeTerraceLandscaping", "CascadeTerraceLandscaping\CascadeTerraceLandscaping.csproj", "{53393F76-ECAD-4888-9DED-E5FB11740E47}"
EndProject
Global
	GlobalSection(SolutionConfigurationPlatforms) = preSolution
		Debug|Any CPU = Debug|Any CPU
		Release|Any CPU = Release|Any CPU
	EndGlobalSection
	GlobalSection(ProjectConfigurationPlatforms) = postSolution
		{53393F76-ECAD-4888-9DED-E5FB11740E47}.Debug|Any CPU.ActiveCfg = Debug|Any CPU
		{53393F76-ECAD-4888-9DED-E5FB11740E47}.Debug|Any CPU.Build.0 = Debug|Any CPU
		{53393F76-ECAD-4888-9DED-E5FB11740E47}.Release|Any CPU.ActiveCfg = Release|Any CPU
		{53393F76-ECAD-4888-9DED-E5FB11740E47}.Release|Any CPU.Build.0 = Release|Any CPU
	EndGlobalSection
	GlobalSection(SolutionProperties) = preSolution
		HideSolutionNode = FALSE
	EndGlobalSection
	GlobalSection(ExtensibilityGlobals) = postSolution
		SolutionGuid = {881174B6-6519-4B29-BA98-61C131344D63}
	EndGlobalSection
EndGlobal
